
Microsoft Visual Studio Solution File, Format Version 12.00
# Visual Studio Version 16
VisualStudioVersion = 16.0.31424.327
MinimumVisualStudioVersion = 10.0.40219.1
Project("{FAE04EC0-301F-11D3-BF4B-00C04F79EFBC}") = "210718_whatisnuget", "210718_whatisnuget\210718_whatisnuget.csproj", "{83565374-9235-4AB0-8F7B-5CC1BC3A9BCC}"
EndProject
Global
	GlobalSection(SolutionConfigurationPlatforms) = preSolution
		Debug|Any CPU = Debug|Any CPU
		Release|Any CPU = Release|Any CPU
	EndGlobalSection
	GlobalSection(ProjectConfigurationPlatforms) = postSolution
		{83565374-9235-4AB0-8F7B-5CC1BC3A9BCC}.Debug|Any CPU.ActiveCfg = Debug|Any CPU
		{83565374-9235-4AB0-8F7B-5CC1BC3A9BCC}.Debug|Any CPU.Build.0 = Debug|Any CPU
		{83565374-9235-4AB0-8F7B-5CC1BC3A9BCC}.Release|Any CPU.ActiveCfg = Release|Any CPU
		{83565374-9235-4AB0-8F7B-5CC1BC3A9BCC}.Release|Any CPU.Build.0 = Release|Any CPU
	EndGlobalSection
	GlobalSection(SolutionProperties) = preSolution
		HideSolutionNode = FALSE
	EndGlobalSection
	GlobalSection(ExtensibilityGlobals) = postSolution
		SolutionGuid = {554BA12A-9B46-4FCA-932B-DDA7F53AE19B}
	EndGlobalSection
EndGlobal
